
Microsoft Visual Studio Solution File, Format Version 12.00
Project("{FAE04EC0-301F-11D3-BF4B-00C04F79EFBC}") = "anagram.name", "anagram.name\anagram.name.csproj", "{6A41C0B9-CD9D-4D3B-80F5-16496AC5E593}"
EndProject
Project("{FAE04EC0-301F-11D3-BF4B-00C04F79EFBC}") = "anagram.test", "anagram.test\anagram.test.csproj", "{ED5705C7-8E42-4271-B9EE-1822CC456875}"
EndProject
Global
	GlobalSection(SolutionConfigurationPlatforms) = preSolution
		Debug|Any CPU = Debug|Any CPU
		Release|Any CPU = Release|Any CPU
	EndGlobalSection
	GlobalSection(ProjectConfigurationPlatforms) = postSolution
		{6A41C0B9-CD9D-4D3B-80F5-16496AC5E593}.Debug|Any CPU.ActiveCfg = Debug|Any CPU
		{6A41C0B9-CD9D-4D3B-80F5-16496AC5E593}.Debug|Any CPU.Build.0 = Debug|Any CPU
		{6A41C0B9-CD9D-4D3B-80F5-16496AC5E593}.Release|Any CPU.ActiveCfg = Release|Any CPU
		{6A41C0B9-CD9D-4D3B-80F5-16496AC5E593}.Release|Any CPU.Build.0 = Release|Any CPU
		{ED5705C7-8E42-4271-B9EE-1822CC456875}.Debug|Any CPU.ActiveCfg = Debug|Any CPU
		{ED5705C7-8E42-4271-B9EE-1822CC456875}.Debug|Any CPU.Build.0 = Debug|Any CPU
		{ED5705C7-8E42-4271-B9EE-1822CC456875}.Release|Any CPU.ActiveCfg = Release|Any CPU
		{ED5705C7-8E42-4271-B9EE-1822CC456875}.Release|Any CPU.Build.0 = Release|Any CPU
	EndGlobalSection
EndGlobal
